
Microsoft Visual Studio Solution File, Format Version 12.00
# Visual Studio Version 17
VisualStudioVersion = 17.10.35122.118
MinimumVisualStudioVersion = 10.0.40219.1
Project("{2150E333-8FDC-42A3-9474-1A3956D46DE8}") = "CodeWars", "CodeWars", "{CFE9845E-FF2C-487B-A750-1A61828486C9}"
EndProject
Project("{2150E333-8FDC-42A3-9474-1A3956D46DE8}") = "src", "src", "{AD382A70-E17D-4BE0-8EEF-BE89F5AB21D3}"
EndProject
Project("{2150E333-8FDC-42A3-9474-1A3956D46DE8}") = "test", "test", "{DE6656A8-F6D7-4493-9409-8E99DAFB7550}"
EndProject
Project("{9A19103F-16F7-4668-BE54-9A1E7A4F7556}") = "ClassicHelloWorld", "CodeWars\src\ClassicHelloWorld\ClassicHelloWorld.csproj", "{7CE7D3F8-9AC3-40B1-8F1B-9E280ED5163A}"
EndProject
Project("{9A19103F-16F7-4668-BE54-9A1E7A4F7556}") = "ClassicHelloWorld.Tests", "CodeWars\test\ClassicHelloWorldTests\ClassicHelloWorld.Tests.csproj", "{54552231-FBCF-4956-A39F-E692FEF2904B}"
EndProject
Project("{9A19103F-16F7-4668-BE54-9A1E7A4F7556}") = "ArrayHelpers", "CodeWars\src\ArrayHelpers\ArrayHelpers.csproj", "{82C9E0FC-7DA0-4542-9FD3-B987F6A19B91}"
EndProject
Project("{9A19103F-16F7-4668-BE54-9A1E7A4F7556}") = "PaginationHelper", "CodeWars\src\PaginationHelper\PaginationHelper.csproj", "{AED74649-ACBC-4F7B-9543-431C68D2B710}"
EndProject
Project("{9A19103F-16F7-4668-BE54-9A1E7A4F7556}") = "ArrayHelpers.Tests", "CodeWars\test\ArrayHelpers.Tests\ArrayHelpers.Tests.csproj", "{24A2EB9D-D4F3-4A87-BBD7-E973903FBB6F}"
EndProject
Project("{9A19103F-16F7-4668-BE54-9A1E7A4F7556}") = "PaginationHelper.Tests", "CodeWars\test\PaginationHelper.Tests\PaginationHelper.Tests.csproj", "{756BD098-AE93-4033-A3BF-016B7BAE1E87}"
EndProject
Project("{9A19103F-16F7-4668-BE54-9A1E7A4F7556}") = "BasicSubclasses_AdamAndEve", "CodeWars\src\BasicSubclasses_AdamAndEve\BasicSubclasses_AdamAndEve.csproj", "{2AA6F97B-3854-4171-83F3-FE147897C7FE}"
EndProject
Project("{9A19103F-16F7-4668-BE54-9A1E7A4F7556}") = "BasicSubclasses_AdamAndEve.Tests", "CodeWars\test\BasicSubclasses_AdamAndEve.Tests\BasicSubclasses_AdamAndEve.Tests.csproj", "{0394A9EE-7FBC-48DD-B6CD-0B42FB741056}"
EndProject
Project("{FAE04EC0-301F-11D3-BF4B-00C04F79EFBC}") = "RomanNumeralsHelper", "CodeWars\src\RomanNumeralsHelper\RomanNumeralsHelper.csproj", "{900D444F-9C81-49E5-9494-DC9D05DE6A44}"
EndProject
Project("{FAE04EC0-301F-11D3-BF4B-00C04F79EFBC}") = "RomanNumeralsHelper.Tests", "CodeWars\test\RomanNumeralsHelper.Tests\RomanNumeralsHelper.Tests.csproj", "{2D171E53-CEF5-417A-B0C7-8882B757C9C5}"
EndProject
Project("{9A19103F-16F7-4668-BE54-9A1E7A4F7556}") = "CodewarsStyleRankingSystem", "CodeWars\src\CodewarsStyleRankingSystem\CodewarsStyleRankingSystem.csproj", "{00ED37E5-3E06-4FB7-BC5F-CFE5F61A08F5}"
EndProject
Project("{9A19103F-16F7-4668-BE54-9A1E7A4F7556}") = "CodewarsStyleRankingSystem.Tests", "CodeWars\test\CodewarsStyleRankingSystem.Tests\CodewarsStyleRankingSystem.Tests.csproj", "{AE2924A6-D946-4A39-B199-227EC0CE3CD8}"
EndProject
Global
	GlobalSection(SolutionConfigurationPlatforms) = preSolution
		Debug|Any CPU = Debug|Any CPU
		Release|Any CPU = Release|Any CPU
	EndGlobalSection
	GlobalSection(ProjectConfigurationPlatforms) = postSolution
		{7CE7D3F8-9AC3-40B1-8F1B-9E280ED5163A}.Debug|Any CPU.ActiveCfg = Debug|Any CPU
		{7CE7D3F8-9AC3-40B1-8F1B-9E280ED5163A}.Debug|Any CPU.Build.0 = Debug|Any CPU
		{7CE7D3F8-9AC3-40B1-8F1B-9E280ED5163A}.Release|Any CPU.ActiveCfg = Release|Any CPU
		{7CE7D3F8-9AC3-40B1-8F1B-9E280ED5163A}.Release|Any CPU.Build.0 = Release|Any CPU
		{54552231-FBCF-4956-A39F-E692FEF2904B}.Debug|Any CPU.ActiveCfg = Debug|Any CPU
		{54552231-FBCF-4956-A39F-E692FEF2904B}.Debug|Any CPU.Build.0 = Debug|Any CPU
		{54552231-FBCF-4956-A39F-E692FEF2904B}.Release|Any CPU.ActiveCfg = Release|Any CPU
		{54552231-FBCF-4956-A39F-E692FEF2904B}.Release|Any CPU.Build.0 = Release|Any CPU
		{82C9E0FC-7DA0-4542-9FD3-B987F6A19B91}.Debug|Any CPU.ActiveCfg = Debug|Any CPU
		{82C9E0FC-7DA0-4542-9FD3-B987F6A19B91}.Debug|Any CPU.Build.0 = Debug|Any CPU
		{82C9E0FC-7DA0-4542-9FD3-B987F6A19B91}.Release|Any CPU.ActiveCfg = Release|Any CPU
		{82C9E0FC-7DA0-4542-9FD3-B987F6A19B91}.Release|Any CPU.Build.0 = Release|Any CPU
		{AED74649-ACBC-4F7B-9543-431C68D2B710}.Debug|Any CPU.ActiveCfg = Debug|Any CPU
		{AED74649-ACBC-4F7B-9543-431C68D2B710}.Debug|Any CPU.Build.0 = Debug|Any CPU
		{AED74649-ACBC-4F7B-9543-431C68D2B710}.Release|Any CPU.ActiveCfg = Release|Any CPU
		{AED74649-ACBC-4F7B-9543-431C68D2B710}.Release|Any CPU.Build.0 = Release|Any CPU
		{24A2EB9D-D4F3-4A87-BBD7-E973903FBB6F}.Debug|Any CPU.ActiveCfg = Debug|Any CPU
		{24A2EB9D-D4F3-4A87-BBD7-E973903FBB6F}.Debug|Any CPU.Build.0 = Debug|Any CPU
		{24A2EB9D-D4F3-4A87-BBD7-E973903FBB6F}.Release|Any CPU.ActiveCfg = Release|Any CPU
		{24A2EB9D-D4F3-4A87-BBD7-E973903FBB6F}.Release|Any CPU.Build.0 = Release|Any CPU
		{756BD098-AE93-4033-A3BF-016B7BAE1E87}.Debug|Any CPU.ActiveCfg = Debug|Any CPU
		{756BD098-AE93-4033-A3BF-016B7BAE1E87}.Debug|Any CPU.Build.0 = Debug|Any CPU
		{756BD098-AE93-4033-A3BF-016B7BAE1E87}.Release|Any CPU.ActiveCfg = Release|Any CPU
		{756BD098-AE93-4033-A3BF-016B7BAE1E87}.Release|Any CPU.Build.0 = Release|Any CPU
		{2AA6F97B-3854-4171-83F3-FE147897C7FE}.Debug|Any CPU.ActiveCfg = Debug|Any CPU
		{2AA6F97B-3854-4171-83F3-FE147897C7FE}.Debug|Any CPU.Build.0 = Debug|Any CPU
		{2AA6F97B-3854-4171-83F3-FE147897C7FE}.Release|Any CPU.ActiveCfg = Release|Any CPU
		{2AA6F97B-3854-4171-83F3-FE147897C7FE}.Release|Any CPU.Build.0 = Release|Any CPU
		{0394A9EE-7FBC-48DD-B6CD-0B42FB741056}.Debug|Any CPU.ActiveCfg = Debug|Any CPU
		{0394A9EE-7FBC-48DD-B6CD-0B42FB741056}.Debug|Any CPU.Build.0 = Debug|Any CPU
		{0394A9EE-7FBC-48DD-B6CD-0B42FB741056}.Release|Any CPU.ActiveCfg = Release|Any CPU
		{0394A9EE-7FBC-48DD-B6CD-0B42FB741056}.Release|Any CPU.Build.0 = Release|Any CPU
		{900D444F-9C81-49E5-9494-DC9D05DE6A44}.Debug|Any CPU.ActiveCfg = Debug|Any CPU
		{900D444F-9C81-49E5-9494-DC9D05DE6A44}.Debug|Any CPU.Build.0 = Debug|Any CPU
		{900D444F-9C81-49E5-9494-DC9D05DE6A44}.Release|Any CPU.ActiveCfg = Release|Any CPU
		{900D444F-9C81-49E5-9494-DC9D05DE6A44}.Release|Any CPU.Build.0 = Release|Any CPU
		{2D171E53-CEF5-417A-B0C7-8882B757C9C5}.Debug|Any CPU.ActiveCfg = Debug|Any CPU
		{2D171E53-CEF5-417A-B0C7-8882B757C9C5}.Debug|Any CPU.Build.0 = Debug|Any CPU
		{2D171E53-CEF5-417A-B0C7-8882B757C9C5}.Release|Any CPU.ActiveCfg = Release|Any CPU
		{2D171E53-CEF5-417A-B0C7-8882B757C9C5}.Release|Any CPU.Build.0 = Release|Any CPU
		{00ED37E5-3E06-4FB7-BC5F-CFE5F61A08F5}.Debug|Any CPU.ActiveCfg = Debug|Any CPU
		{00ED37E5-3E06-4FB7-BC5F-CFE5F61A08F5}.Debug|Any CPU.Build.0 = Debug|Any CPU
		{00ED37E5-3E06-4FB7-BC5F-CFE5F61A08F5}.Release|Any CPU.ActiveCfg = Release|Any CPU
		{00ED37E5-3E06-4FB7-BC5F-CFE5F61A08F5}.Release|Any CPU.Build.0 = Release|Any CPU
		{AE2924A6-D946-4A39-B199-227EC0CE3CD8}.Debug|Any CPU.ActiveCfg = Debug|Any CPU
		{AE2924A6-D946-4A39-B199-227EC0CE3CD8}.Debug|Any CPU.Build.0 = Debug|Any CPU
		{AE2924A6-D946-4A39-B199-227EC0CE3CD8}.Release|Any CPU.ActiveCfg = Release|Any CPU
		{AE2924A6-D946-4A39-B199-227EC0CE3CD8}.Release|Any CPU.Build.0 = Release|Any CPU
	EndGlobalSection
	GlobalSection(SolutionProperties) = preSolution
		HideSolutionNode = FALSE
	EndGlobalSection
	GlobalSection(NestedProjects) = preSolution
		{AD382A70-E17D-4BE0-8EEF-BE89F5AB21D3} = {CFE9845E-FF2C-487B-A750-1A61828486C9}
		{DE6656A8-F6D7-4493-9409-8E99DAFB7550} = {CFE9845E-FF2C-487B-A750-1A61828486C9}
		{7CE7D3F8-9AC3-40B1-8F1B-9E280ED5163A} = {AD382A70-E17D-4BE0-8EEF-BE89F5AB21D3}
		{54552231-FBCF-4956-A39F-E692FEF2904B} = {DE6656A8-F6D7-4493-9409-8E99DAFB7550}
		{82C9E0FC-7DA0-4542-9FD3-B987F6A19B91} = {AD382A70-E17D-4BE0-8EEF-BE89F5AB21D3}
		{AED74649-ACBC-4F7B-9543-431C68D2B710} = {AD382A70-E17D-4BE0-8EEF-BE89F5AB21D3}
		{24A2EB9D-D4F3-4A87-BBD7-E973903FBB6F} = {DE6656A8-F6D7-4493-9409-8E99DAFB7550}
		{756BD098-AE93-4033-A3BF-016B7BAE1E87} = {DE6656A8-F6D7-4493-9409-8E99DAFB7550}
		{2AA6F97B-3854-4171-83F3-FE147897C7FE} = {AD382A70-E17D-4BE0-8EEF-BE89F5AB21D3}
		{0394A9EE-7FBC-48DD-B6CD-0B42FB741056} = {DE6656A8-F6D7-4493-9409-8E99DAFB7550}
		{900D444F-9C81-49E5-9494-DC9D05DE6A44} = {AD382A70-E17D-4BE0-8EEF-BE89F5AB21D3}
		{2D171E53-CEF5-417A-B0C7-8882B757C9C5} = {DE6656A8-F6D7-4493-9409-8E99DAFB7550}
		{00ED37E5-3E06-4FB7-BC5F-CFE5F61A08F5} = {AD382A70-E17D-4BE0-8EEF-BE89F5AB21D3}
		{AE2924A6-D946-4A39-B199-227EC0CE3CD8} = {DE6656A8-F6D7-4493-9409-8E99DAFB7550}
	EndGlobalSection
	GlobalSection(ExtensibilityGlobals) = postSolution
		SolutionGuid = {32768103-4A05-4B00-98B6-A6F8FF37FA0E}
	EndGlobalSection
EndGlobal
