
Microsoft Visual Studio Solution File, Format Version 12.00
# Visual Studio Version 17
VisualStudioVersion = 17.10.35122.118
MinimumVisualStudioVersion = 10.0.40219.1
Project("{2150E333-8FDC-42A3-9474-1A3956D46DE8}") = "CodeWars", "CodeWars", "{CFE9845E-FF2C-487B-A750-1A61828486C9}"
EndProject
Project("{2150E333-8FDC-42A3-9474-1A3956D46DE8}") = "src", "src", "{AD382A70-E17D-4BE0-8EEF-BE89F5AB21D3}"
EndProject
Project("{2150E333-8FDC-42A3-9474-1A3956D46DE8}") = "test", "test", "{DE6656A8-F6D7-4493-9409-8E99DAFB7550}"
EndProject
Project("{9A19103F-16F7-4668-BE54-9A1E7A4F7556}") = "ClassicHelloWorld", "CodeWars\src\ClassicHelloWorld\ClassicHelloWorld.csproj", "{7CE7D3F8-9AC3-40B1-8F1B-9E280ED5163A}"
EndProject
Project("{9A19103F-16F7-4668-BE54-9A1E7A4F7556}") = "ClassicHelloWorld.Tests", "CodeWars\test\ClassicHelloWorldTests\ClassicHelloWorld.Tests.csproj", "{54552231-FBCF-4956-A39F-E692FEF2904B}"
EndProject
Project("{9A19103F-16F7-4668-BE54-9A1E7A4F7556}") = "ArrayHelpers", "CodeWars\src\ArrayHelpers\ArrayHelpers.csproj", "{82C9E0FC-7DA0-4542-9FD3-B987F6A19B91}"
EndProject
Project("{9A19103F-16F7-4668-BE54-9A1E7A4F7556}") = "PaginationHelper", "CodeWars\src\PaginationHelper\PaginationHelper.csproj", "{AED74649-ACBC-4F7B-9543-431C68D2B710}"
EndProject
Project("{9A19103F-16F7-4668-BE54-9A1E7A4F7556}") = "ArrayHelpers.Tests", "CodeWars\test\ArrayHelpers.Tests\ArrayHelpers.Tests.csproj", "{24A2EB9D-D4F3-4A87-BBD7-E973903FBB6F}"
EndProject
Project("{9A19103F-16F7-4668-BE54-9A1E7A4F7556}") = "PaginationHelper.Tests", "CodeWars\test\PaginationHelper.Tests\PaginationHelper.Tests.csproj", "{756BD098-AE93-4033-A3BF-016B7BAE1E87}"
EndProject
Project("{9A19103F-16F7-4668-BE54-9A1E7A4F7556}") = "BasicSubclasses_AdamAndEve", "CodeWars\src\BasicSubclasses_AdamAndEve\BasicSubclasses_AdamAndEve.csproj", "{2AA6F97B-3854-4171-83F3-FE147897C7FE}"
EndProject
Project("{9A19103F-16F7-4668-BE54-9A1E7A4F7556}") = "BasicSubclasses_AdamAndEve.Tests", "CodeWars\test\BasicSubclasses_AdamAndEve.Tests\BasicSubclasses_AdamAndEve.Tests.csproj", "{0394A9EE-7FBC-48DD-B6CD-0B42FB741056}"
EndProject
Project("{9A19103F-16F7-4668-BE54-9A1E7A4F7556}") = "RomanNumeralsHelper", "CodeWars\src\RomanNumeralsHelper\RomanNumeralsHelper.csproj", "{900D444F-9C81-49E5-9494-DC9D05DE6A44}"
EndProject
Project("{9A19103F-16F7-4668-BE54-9A1E7A4F7556}") = "RomanNumeralsHelper.Tests", "CodeWars\test\RomanNumeralsHelper.Tests\RomanNumeralsHelper.Tests.csproj", "{2D171E53-CEF5-417A-B0C7-8882B757C9C5}"
EndProject
Project("{9A19103F-16F7-4668-BE54-9A1E7A4F7556}") = "CodewarsStyleRankingSystem", "CodeWars\src\CodewarsStyleRankingSystem\CodewarsStyleRankingSystem.csproj", "{00ED37E5-3E06-4FB7-BC5F-CFE5F61A08F5}"
EndProject
Project("{9A19103F-16F7-4668-BE54-9A1E7A4F7556}") = "CodewarsStyleRankingSystem.Tests", "CodeWars\test\CodewarsStyleRankingSystem.Tests\CodewarsStyleRankingSystem.Tests.csproj", "{AE2924A6-D946-4A39-B199-227EC0CE3CD8}"
EndProject
Project("{9A19103F-16F7-4668-BE54-9A1E7A4F7556}") = "FinishGuessTheNumberGame", "CodeWars\src\FinishGuessTheNumberGame\FinishGuessTheNumberGame.csproj", "{8276AF64-2528-42F9-9FB8-2F0FF886AED5}"
EndProject
Project("{9A19103F-16F7-4668-BE54-9A1E7A4F7556}") = "FinishGuessTheNumberGame.Tests", "CodeWars\test\FinishGuessTheNumberGame.Tests\FinishGuessTheNumberGame.Tests.csproj", "{1551792F-61E8-48B6-B8B1-8B8A6275F943}"
EndProject
Project("{9A19103F-16F7-4668-BE54-9A1E7A4F7556}") = "EnigmaMachine_Plugboard", "CodeWars\src\EnigmaMachine_Plugboard\EnigmaMachine_Plugboard.csproj", "{B411692B-35A1-48CB-A5EF-97CE20732C6C}"
EndProject
Project("{9A19103F-16F7-4668-BE54-9A1E7A4F7556}") = "EnigmaMachine_Plugboard.Tests", "CodeWars\test\EnigmaMachine_Plugboard.Tests\EnigmaMachine_Plugboard.Tests.csproj", "{C331D68E-964B-4502-822F-9C4B40BEF912}"
EndProject
Project("{9A19103F-16F7-4668-BE54-9A1E7A4F7556}") = "PlayingWithCubesII", "CodeWars\src\PlayingWithCubesII\PlayingWithCubesII.csproj", "{5E9A26F6-41C7-4632-ADFB-F56D66A8B739}"
EndProject
Project("{9A19103F-16F7-4668-BE54-9A1E7A4F7556}") = "PlayingWithCubesII.Tests", "CodeWars\test\PlayingWithCubesII.Tests\PlayingWithCubesII.Tests.csproj", "{9A2CB047-FAD0-449E-B212-B5766C213A30}"
EndProject
Project("{9A19103F-16F7-4668-BE54-9A1E7A4F7556}") = "OOP_ObjectOrientedPiracy", "CodeWars\src\OOP_ObjectOrientedPiracy\OOP_ObjectOrientedPiracy.csproj", "{8ED3ADF2-64FA-4941-BD6A-6671064CE0EF}"
EndProject
Project("{9A19103F-16F7-4668-BE54-9A1E7A4F7556}") = "ClassyClasses", "CodeWars\src\ClassyClasses\ClassyClasses.csproj", "{5343E45D-2829-4FD9-AE46-7176156A83E6}"
EndProject
Project("{9A19103F-16F7-4668-BE54-9A1E7A4F7556}") = "ClassyClasses.Tests", "CodeWars\test\ClassyClasses.Tests\ClassyClasses.Tests.csproj", "{004A01F9-53B3-4771-9A58-637936F2577D}"
EndProject
Project("{9A19103F-16F7-4668-BE54-9A1E7A4F7556}") = "OOP_ObjectOrientedPiracy.Tests", "CodeWars\test\OOP_ObjectOrientedPiracy.Tests\OOP_ObjectOrientedPiracy.Tests.csproj", "{D89D2FF8-3B77-462C-8BE4-79615D5E4274}"
EndProject
Project("{9A19103F-16F7-4668-BE54-9A1E7A4F7556}") = "ColorGhost", "CodeWars\src\ColorGhost\ColorGhost.csproj", "{4B3AD7F7-8179-4EF2-A136-215179D8A26D}"
EndProject
Project("{9A19103F-16F7-4668-BE54-9A1E7A4F7556}") = "ColorGhost.Tests", "CodeWars\test\ColorGhost.Tests\ColorGhost.Tests.csproj", "{CEC7BD3B-0E5E-4E74-9414-5ACE73DFCA18}"
EndProject
Project("{9A19103F-16F7-4668-BE54-9A1E7A4F7556}") = "80sKids7_SheIsASmallWonder", "CodeWars\src\80sKids7_SheIsASmallWonder\80sKids7_SheIsASmallWonder.csproj", "{0F4F45A4-BD1C-4B17-846D-D689AC447B80}"
EndProject
Project("{9A19103F-16F7-4668-BE54-9A1E7A4F7556}") = "80sKids7_SheIsASmallWonder.Tests", "CodeWars\test\80sKids7_SheIsASmallWonder.Tests\80sKids7_SheIsASmallWonder.Tests.csproj", "{15158BB6-EDCA-419B-B10E-04FB77D6924B}"
EndProject
Project("{9A19103F-16F7-4668-BE54-9A1E7A4F7556}") = "BuildingSpheres", "CodeWars\src\BuildingSpheres\BuildingSpheres.csproj", "{A08458DE-8008-4DC7-9CF8-563A7291070E}"
EndProject
Project("{9A19103F-16F7-4668-BE54-9A1E7A4F7556}") = "BuildingSpheres.Tests", "CodeWars\test\BuildingSpheres.Tests\BuildingSpheres.Tests.csproj", "{3F5C497D-F939-4C25-BDB3-3C01427A7D2E}"
EndProject
Project("{9A19103F-16F7-4668-BE54-9A1E7A4F7556}") = "Thinkful_ObjectDrills_Quarks", "CodeWars\src\Thinkful_Object Drills_Quarks\Thinkful_ObjectDrills_Quarks.csproj", "{A2E35701-7FC9-488E-BF2E-8491ED6CEE85}"
EndProject
Project("{9A19103F-16F7-4668-BE54-9A1E7A4F7556}") = "Thinkful_ObjectDrills_Quarks.Tests", "CodeWars\test\Thinkful_ObjectDrills_Quarks.Tests\Thinkful_ObjectDrills_Quarks.Tests.csproj", "{46C07D27-30DA-48EC-9636-983F59C99639}"
EndProject
Project("{9A19103F-16F7-4668-BE54-9A1E7A4F7556}") = "BuildingBlocks", "CodeWars\src\BuildingBlocks\BuildingBlocks.csproj", "{80A52EEF-F157-45BD-AEB9-EF743F0A281D}"
EndProject
Project("{9A19103F-16F7-4668-BE54-9A1E7A4F7556}") = "BuildingBlocks.Tests", "CodeWars\test\BuildingBlocks.Tests\BuildingBlocks.Tests.csproj", "{4FE5C534-2271-4369-96CE-85E68A013E76}"
EndProject
Project("{9A19103F-16F7-4668-BE54-9A1E7A4F7556}") = "ClassyExtensions.Tests", "CodeWars\test\ClassyExtensions.Tests\ClassyExtensions.Tests.csproj", "{FC464047-6FA1-4017-8283-DC4750EBA4A6}"
EndProject
Project("{9A19103F-16F7-4668-BE54-9A1E7A4F7556}") = "FunWithClasses_People", "CodeWars\src\FunWithClasses_People\FunWithClasses_People.csproj", "{0655142B-B823-4A1A-9EA4-037664C0E15D}"
EndProject
Project("{9A19103F-16F7-4668-BE54-9A1E7A4F7556}") = "FunWithClasses_People.Tests", "CodeWars\test\FunWithClasses_People.Tests\FunWithClasses_People.Tests.csproj", "{7484FF56-1F56-4D0E-8163-2519E885338F}"
EndProject
Project("{9A19103F-16F7-4668-BE54-9A1E7A4F7556}") = "ClassyExtensions", "CodeWars\src\ClassyExtensions\ClassyExtensions.csproj", "{4D2E32DB-8EFA-47E7-8F9F-30A17AF6DC14}"
EndProject
Project("{9A19103F-16F7-4668-BE54-9A1E7A4F7556}") = "BrokenCounter", "CodeWars\src\BrokenCounter\BrokenCounter.csproj", "{31F23989-BB87-4CD6-8D1E-35F71D8EC110}"
EndProject
Project("{9A19103F-16F7-4668-BE54-9A1E7A4F7556}") = "BrokenCounter.Tests", "CodeWars\test\BrokenCounter.Tests\BrokenCounter.Tests.csproj", "{442FE3AC-D4A9-41F1-A836-088A58C3AEC7}"
EndProject
Project("{9A19103F-16F7-4668-BE54-9A1E7A4F7556}") = "SimpleClassTerminology", "CodeWars\src\SimpleClassTerminology\SimpleClassTerminology.csproj", "{79969F52-FF12-4B1D-8213-BE8C62D6B2BE}"
EndProject
Project("{9A19103F-16F7-4668-BE54-9A1E7A4F7556}") = "SimpleClassTerminology.Tests", "CodeWars\test\SimpleClassTerminology.Tests\SimpleClassTerminology.Tests.csproj", "{7BFF56BB-91E1-4FF7-9F79-84A4CB182A8C}"
EndProject
Project("{9A19103F-16F7-4668-BE54-9A1E7A4F7556}") = "FunWithClasses_AnimalsAndInheritance", "CodeWars\src\FunWithClasses_AnimalsAndInheritance\FunWithClasses_AnimalsAndInheritance.csproj", "{7B0DF74E-A4D9-4B52-9525-33FEED2528AA}"
EndProject
Project("{9A19103F-16F7-4668-BE54-9A1E7A4F7556}") = "FunWithClasses_AnimalsAndInheritance.Tests", "CodeWars\test\FunWithClasses_AnimalsAndInheritance.Tests\FunWithClasses_AnimalsAndInheritance.Tests.csproj", "{076670F2-8543-479C-8BFC-020E4F76E308}"
EndProject
Project("{9A19103F-16F7-4668-BE54-9A1E7A4F7556}") = "Vectors", "CodeWars\src\Vectors\Vectors.csproj", "{F4559A08-E0F5-4404-83F4-C243A52F8E37}"
EndProject
Project("{9A19103F-16F7-4668-BE54-9A1E7A4F7556}") = "Vectors.Tests", "CodeWars\test\Vectors.Tests\Vectors.Tests.csproj", "{E57A9DEB-D459-4483-BE80-B81BD89D103B}"
EndProject
Project("{FAE04EC0-301F-11D3-BF4B-00C04F79EFBC}") = "ProgramCalculator_3DVectors", "CodeWars\src\ProgramCalculator_3DVectors\ProgramCalculator_3DVectors.csproj", "{B2DEC556-7F55-4A4D-B990-97E4563D8C15}"
EndProject
Project("{FAE04EC0-301F-11D3-BF4B-00C04F79EFBC}") = "ProgramCalculator_3DVectors.Tests", "CodeWars\test\ProgramCalculator_3DVectors.Tests\ProgramCalculator_3DVectors.Tests.csproj", "{B7E0D851-030D-4BE7-9A10-C41023C83450}"
EndProject
Project("{FAE04EC0-301F-11D3-BF4B-00C04F79EFBC}") = "RPS_Knockout_Tournament_Winner", "CodeWars\src\RPS_Knockout_Tournament_Winner\RPS_Knockout_Tournament_Winner.csproj", "{C926658F-2E62-49C6-8098-B6A0FA876F0D}"
EndProject
Project("{FAE04EC0-301F-11D3-BF4B-00C04F79EFBC}") = "RPS_Knockout_Tournament_Winner.Tests", "CodeWars\test\RPS_Knockout_Tournament_Winner.Tests\RPS_Knockout_Tournament_Winner.Tests.csproj", "{BC9F7A44-D245-421C-9C89-94EA750E0789}"
EndProject
Global
	GlobalSection(SolutionConfigurationPlatforms) = preSolution
		Debug|Any CPU = Debug|Any CPU
		Release|Any CPU = Release|Any CPU
	EndGlobalSection
	GlobalSection(ProjectConfigurationPlatforms) = postSolution
		{7CE7D3F8-9AC3-40B1-8F1B-9E280ED5163A}.Debug|Any CPU.ActiveCfg = Debug|Any CPU
		{7CE7D3F8-9AC3-40B1-8F1B-9E280ED5163A}.Debug|Any CPU.Build.0 = Debug|Any CPU
		{7CE7D3F8-9AC3-40B1-8F1B-9E280ED5163A}.Release|Any CPU.ActiveCfg = Release|Any CPU
		{7CE7D3F8-9AC3-40B1-8F1B-9E280ED5163A}.Release|Any CPU.Build.0 = Release|Any CPU
		{54552231-FBCF-4956-A39F-E692FEF2904B}.Debug|Any CPU.ActiveCfg = Debug|Any CPU
		{54552231-FBCF-4956-A39F-E692FEF2904B}.Debug|Any CPU.Build.0 = Debug|Any CPU
		{54552231-FBCF-4956-A39F-E692FEF2904B}.Release|Any CPU.ActiveCfg = Release|Any CPU
		{54552231-FBCF-4956-A39F-E692FEF2904B}.Release|Any CPU.Build.0 = Release|Any CPU
		{82C9E0FC-7DA0-4542-9FD3-B987F6A19B91}.Debug|Any CPU.ActiveCfg = Debug|Any CPU
		{82C9E0FC-7DA0-4542-9FD3-B987F6A19B91}.Debug|Any CPU.Build.0 = Debug|Any CPU
		{82C9E0FC-7DA0-4542-9FD3-B987F6A19B91}.Release|Any CPU.ActiveCfg = Release|Any CPU
		{82C9E0FC-7DA0-4542-9FD3-B987F6A19B91}.Release|Any CPU.Build.0 = Release|Any CPU
		{AED74649-ACBC-4F7B-9543-431C68D2B710}.Debug|Any CPU.ActiveCfg = Debug|Any CPU
		{AED74649-ACBC-4F7B-9543-431C68D2B710}.Debug|Any CPU.Build.0 = Debug|Any CPU
		{AED74649-ACBC-4F7B-9543-431C68D2B710}.Release|Any CPU.ActiveCfg = Release|Any CPU
		{AED74649-ACBC-4F7B-9543-431C68D2B710}.Release|Any CPU.Build.0 = Release|Any CPU
		{24A2EB9D-D4F3-4A87-BBD7-E973903FBB6F}.Debug|Any CPU.ActiveCfg = Debug|Any CPU
		{24A2EB9D-D4F3-4A87-BBD7-E973903FBB6F}.Debug|Any CPU.Build.0 = Debug|Any CPU
		{24A2EB9D-D4F3-4A87-BBD7-E973903FBB6F}.Release|Any CPU.ActiveCfg = Release|Any CPU
		{24A2EB9D-D4F3-4A87-BBD7-E973903FBB6F}.Release|Any CPU.Build.0 = Release|Any CPU
		{756BD098-AE93-4033-A3BF-016B7BAE1E87}.Debug|Any CPU.ActiveCfg = Debug|Any CPU
		{756BD098-AE93-4033-A3BF-016B7BAE1E87}.Debug|Any CPU.Build.0 = Debug|Any CPU
		{756BD098-AE93-4033-A3BF-016B7BAE1E87}.Release|Any CPU.ActiveCfg = Release|Any CPU
		{756BD098-AE93-4033-A3BF-016B7BAE1E87}.Release|Any CPU.Build.0 = Release|Any CPU
		{2AA6F97B-3854-4171-83F3-FE147897C7FE}.Debug|Any CPU.ActiveCfg = Debug|Any CPU
		{2AA6F97B-3854-4171-83F3-FE147897C7FE}.Debug|Any CPU.Build.0 = Debug|Any CPU
		{2AA6F97B-3854-4171-83F3-FE147897C7FE}.Release|Any CPU.ActiveCfg = Release|Any CPU
		{2AA6F97B-3854-4171-83F3-FE147897C7FE}.Release|Any CPU.Build.0 = Release|Any CPU
		{0394A9EE-7FBC-48DD-B6CD-0B42FB741056}.Debug|Any CPU.ActiveCfg = Debug|Any CPU
		{0394A9EE-7FBC-48DD-B6CD-0B42FB741056}.Debug|Any CPU.Build.0 = Debug|Any CPU
		{0394A9EE-7FBC-48DD-B6CD-0B42FB741056}.Release|Any CPU.ActiveCfg = Release|Any CPU
		{0394A9EE-7FBC-48DD-B6CD-0B42FB741056}.Release|Any CPU.Build.0 = Release|Any CPU
		{900D444F-9C81-49E5-9494-DC9D05DE6A44}.Debug|Any CPU.ActiveCfg = Debug|Any CPU
		{900D444F-9C81-49E5-9494-DC9D05DE6A44}.Debug|Any CPU.Build.0 = Debug|Any CPU
		{900D444F-9C81-49E5-9494-DC9D05DE6A44}.Release|Any CPU.ActiveCfg = Release|Any CPU
		{900D444F-9C81-49E5-9494-DC9D05DE6A44}.Release|Any CPU.Build.0 = Release|Any CPU
		{2D171E53-CEF5-417A-B0C7-8882B757C9C5}.Debug|Any CPU.ActiveCfg = Debug|Any CPU
		{2D171E53-CEF5-417A-B0C7-8882B757C9C5}.Debug|Any CPU.Build.0 = Debug|Any CPU
		{2D171E53-CEF5-417A-B0C7-8882B757C9C5}.Release|Any CPU.ActiveCfg = Release|Any CPU
		{2D171E53-CEF5-417A-B0C7-8882B757C9C5}.Release|Any CPU.Build.0 = Release|Any CPU
		{00ED37E5-3E06-4FB7-BC5F-CFE5F61A08F5}.Debug|Any CPU.ActiveCfg = Debug|Any CPU
		{00ED37E5-3E06-4FB7-BC5F-CFE5F61A08F5}.Debug|Any CPU.Build.0 = Debug|Any CPU
		{00ED37E5-3E06-4FB7-BC5F-CFE5F61A08F5}.Release|Any CPU.ActiveCfg = Release|Any CPU
		{00ED37E5-3E06-4FB7-BC5F-CFE5F61A08F5}.Release|Any CPU.Build.0 = Release|Any CPU
		{AE2924A6-D946-4A39-B199-227EC0CE3CD8}.Debug|Any CPU.ActiveCfg = Debug|Any CPU
		{AE2924A6-D946-4A39-B199-227EC0CE3CD8}.Debug|Any CPU.Build.0 = Debug|Any CPU
		{AE2924A6-D946-4A39-B199-227EC0CE3CD8}.Release|Any CPU.ActiveCfg = Release|Any CPU
		{AE2924A6-D946-4A39-B199-227EC0CE3CD8}.Release|Any CPU.Build.0 = Release|Any CPU
		{8276AF64-2528-42F9-9FB8-2F0FF886AED5}.Debug|Any CPU.ActiveCfg = Debug|Any CPU
		{8276AF64-2528-42F9-9FB8-2F0FF886AED5}.Debug|Any CPU.Build.0 = Debug|Any CPU
		{8276AF64-2528-42F9-9FB8-2F0FF886AED5}.Release|Any CPU.ActiveCfg = Release|Any CPU
		{8276AF64-2528-42F9-9FB8-2F0FF886AED5}.Release|Any CPU.Build.0 = Release|Any CPU
		{1551792F-61E8-48B6-B8B1-8B8A6275F943}.Debug|Any CPU.ActiveCfg = Debug|Any CPU
		{1551792F-61E8-48B6-B8B1-8B8A6275F943}.Debug|Any CPU.Build.0 = Debug|Any CPU
		{1551792F-61E8-48B6-B8B1-8B8A6275F943}.Release|Any CPU.ActiveCfg = Release|Any CPU
		{1551792F-61E8-48B6-B8B1-8B8A6275F943}.Release|Any CPU.Build.0 = Release|Any CPU
		{B411692B-35A1-48CB-A5EF-97CE20732C6C}.Debug|Any CPU.ActiveCfg = Debug|Any CPU
		{B411692B-35A1-48CB-A5EF-97CE20732C6C}.Debug|Any CPU.Build.0 = Debug|Any CPU
		{B411692B-35A1-48CB-A5EF-97CE20732C6C}.Release|Any CPU.ActiveCfg = Release|Any CPU
		{B411692B-35A1-48CB-A5EF-97CE20732C6C}.Release|Any CPU.Build.0 = Release|Any CPU
		{C331D68E-964B-4502-822F-9C4B40BEF912}.Debug|Any CPU.ActiveCfg = Debug|Any CPU
		{C331D68E-964B-4502-822F-9C4B40BEF912}.Debug|Any CPU.Build.0 = Debug|Any CPU
		{C331D68E-964B-4502-822F-9C4B40BEF912}.Release|Any CPU.ActiveCfg = Release|Any CPU
		{C331D68E-964B-4502-822F-9C4B40BEF912}.Release|Any CPU.Build.0 = Release|Any CPU
		{5E9A26F6-41C7-4632-ADFB-F56D66A8B739}.Debug|Any CPU.ActiveCfg = Debug|Any CPU
		{5E9A26F6-41C7-4632-ADFB-F56D66A8B739}.Debug|Any CPU.Build.0 = Debug|Any CPU
		{5E9A26F6-41C7-4632-ADFB-F56D66A8B739}.Release|Any CPU.ActiveCfg = Release|Any CPU
		{5E9A26F6-41C7-4632-ADFB-F56D66A8B739}.Release|Any CPU.Build.0 = Release|Any CPU
		{9A2CB047-FAD0-449E-B212-B5766C213A30}.Debug|Any CPU.ActiveCfg = Debug|Any CPU
		{9A2CB047-FAD0-449E-B212-B5766C213A30}.Debug|Any CPU.Build.0 = Debug|Any CPU
		{9A2CB047-FAD0-449E-B212-B5766C213A30}.Release|Any CPU.ActiveCfg = Release|Any CPU
		{9A2CB047-FAD0-449E-B212-B5766C213A30}.Release|Any CPU.Build.0 = Release|Any CPU
		{8ED3ADF2-64FA-4941-BD6A-6671064CE0EF}.Debug|Any CPU.ActiveCfg = Debug|Any CPU
		{8ED3ADF2-64FA-4941-BD6A-6671064CE0EF}.Debug|Any CPU.Build.0 = Debug|Any CPU
		{8ED3ADF2-64FA-4941-BD6A-6671064CE0EF}.Release|Any CPU.ActiveCfg = Release|Any CPU
		{8ED3ADF2-64FA-4941-BD6A-6671064CE0EF}.Release|Any CPU.Build.0 = Release|Any CPU
		{5343E45D-2829-4FD9-AE46-7176156A83E6}.Debug|Any CPU.ActiveCfg = Debug|Any CPU
		{5343E45D-2829-4FD9-AE46-7176156A83E6}.Debug|Any CPU.Build.0 = Debug|Any CPU
		{5343E45D-2829-4FD9-AE46-7176156A83E6}.Release|Any CPU.ActiveCfg = Release|Any CPU
		{5343E45D-2829-4FD9-AE46-7176156A83E6}.Release|Any CPU.Build.0 = Release|Any CPU
		{004A01F9-53B3-4771-9A58-637936F2577D}.Debug|Any CPU.ActiveCfg = Debug|Any CPU
		{004A01F9-53B3-4771-9A58-637936F2577D}.Debug|Any CPU.Build.0 = Debug|Any CPU
		{004A01F9-53B3-4771-9A58-637936F2577D}.Release|Any CPU.ActiveCfg = Release|Any CPU
		{004A01F9-53B3-4771-9A58-637936F2577D}.Release|Any CPU.Build.0 = Release|Any CPU
		{D89D2FF8-3B77-462C-8BE4-79615D5E4274}.Debug|Any CPU.ActiveCfg = Debug|Any CPU
		{D89D2FF8-3B77-462C-8BE4-79615D5E4274}.Debug|Any CPU.Build.0 = Debug|Any CPU
		{D89D2FF8-3B77-462C-8BE4-79615D5E4274}.Release|Any CPU.ActiveCfg = Release|Any CPU
		{D89D2FF8-3B77-462C-8BE4-79615D5E4274}.Release|Any CPU.Build.0 = Release|Any CPU
		{4B3AD7F7-8179-4EF2-A136-215179D8A26D}.Debug|Any CPU.ActiveCfg = Debug|Any CPU
		{4B3AD7F7-8179-4EF2-A136-215179D8A26D}.Debug|Any CPU.Build.0 = Debug|Any CPU
		{4B3AD7F7-8179-4EF2-A136-215179D8A26D}.Release|Any CPU.ActiveCfg = Release|Any CPU
		{4B3AD7F7-8179-4EF2-A136-215179D8A26D}.Release|Any CPU.Build.0 = Release|Any CPU
		{CEC7BD3B-0E5E-4E74-9414-5ACE73DFCA18}.Debug|Any CPU.ActiveCfg = Debug|Any CPU
		{CEC7BD3B-0E5E-4E74-9414-5ACE73DFCA18}.Debug|Any CPU.Build.0 = Debug|Any CPU
		{CEC7BD3B-0E5E-4E74-9414-5ACE73DFCA18}.Release|Any CPU.ActiveCfg = Release|Any CPU
		{CEC7BD3B-0E5E-4E74-9414-5ACE73DFCA18}.Release|Any CPU.Build.0 = Release|Any CPU
		{0F4F45A4-BD1C-4B17-846D-D689AC447B80}.Debug|Any CPU.ActiveCfg = Debug|Any CPU
		{0F4F45A4-BD1C-4B17-846D-D689AC447B80}.Debug|Any CPU.Build.0 = Debug|Any CPU
		{0F4F45A4-BD1C-4B17-846D-D689AC447B80}.Release|Any CPU.ActiveCfg = Release|Any CPU
		{0F4F45A4-BD1C-4B17-846D-D689AC447B80}.Release|Any CPU.Build.0 = Release|Any CPU
		{15158BB6-EDCA-419B-B10E-04FB77D6924B}.Debug|Any CPU.ActiveCfg = Debug|Any CPU
		{15158BB6-EDCA-419B-B10E-04FB77D6924B}.Debug|Any CPU.Build.0 = Debug|Any CPU
		{15158BB6-EDCA-419B-B10E-04FB77D6924B}.Release|Any CPU.ActiveCfg = Release|Any CPU
		{15158BB6-EDCA-419B-B10E-04FB77D6924B}.Release|Any CPU.Build.0 = Release|Any CPU
		{A08458DE-8008-4DC7-9CF8-563A7291070E}.Debug|Any CPU.ActiveCfg = Debug|Any CPU
		{A08458DE-8008-4DC7-9CF8-563A7291070E}.Debug|Any CPU.Build.0 = Debug|Any CPU
		{A08458DE-8008-4DC7-9CF8-563A7291070E}.Release|Any CPU.ActiveCfg = Release|Any CPU
		{A08458DE-8008-4DC7-9CF8-563A7291070E}.Release|Any CPU.Build.0 = Release|Any CPU
		{3F5C497D-F939-4C25-BDB3-3C01427A7D2E}.Debug|Any CPU.ActiveCfg = Debug|Any CPU
		{3F5C497D-F939-4C25-BDB3-3C01427A7D2E}.Debug|Any CPU.Build.0 = Debug|Any CPU
		{3F5C497D-F939-4C25-BDB3-3C01427A7D2E}.Release|Any CPU.ActiveCfg = Release|Any CPU
		{3F5C497D-F939-4C25-BDB3-3C01427A7D2E}.Release|Any CPU.Build.0 = Release|Any CPU
		{A2E35701-7FC9-488E-BF2E-8491ED6CEE85}.Debug|Any CPU.ActiveCfg = Debug|Any CPU
		{A2E35701-7FC9-488E-BF2E-8491ED6CEE85}.Debug|Any CPU.Build.0 = Debug|Any CPU
		{A2E35701-7FC9-488E-BF2E-8491ED6CEE85}.Release|Any CPU.ActiveCfg = Release|Any CPU
		{A2E35701-7FC9-488E-BF2E-8491ED6CEE85}.Release|Any CPU.Build.0 = Release|Any CPU
		{46C07D27-30DA-48EC-9636-983F59C99639}.Debug|Any CPU.ActiveCfg = Debug|Any CPU
		{46C07D27-30DA-48EC-9636-983F59C99639}.Debug|Any CPU.Build.0 = Debug|Any CPU
		{46C07D27-30DA-48EC-9636-983F59C99639}.Release|Any CPU.ActiveCfg = Release|Any CPU
		{46C07D27-30DA-48EC-9636-983F59C99639}.Release|Any CPU.Build.0 = Release|Any CPU
		{80A52EEF-F157-45BD-AEB9-EF743F0A281D}.Debug|Any CPU.ActiveCfg = Debug|Any CPU
		{80A52EEF-F157-45BD-AEB9-EF743F0A281D}.Debug|Any CPU.Build.0 = Debug|Any CPU
		{80A52EEF-F157-45BD-AEB9-EF743F0A281D}.Release|Any CPU.ActiveCfg = Release|Any CPU
		{80A52EEF-F157-45BD-AEB9-EF743F0A281D}.Release|Any CPU.Build.0 = Release|Any CPU
		{4FE5C534-2271-4369-96CE-85E68A013E76}.Debug|Any CPU.ActiveCfg = Debug|Any CPU
		{4FE5C534-2271-4369-96CE-85E68A013E76}.Debug|Any CPU.Build.0 = Debug|Any CPU
		{4FE5C534-2271-4369-96CE-85E68A013E76}.Release|Any CPU.ActiveCfg = Release|Any CPU
		{4FE5C534-2271-4369-96CE-85E68A013E76}.Release|Any CPU.Build.0 = Release|Any CPU
		{FC464047-6FA1-4017-8283-DC4750EBA4A6}.Debug|Any CPU.ActiveCfg = Debug|Any CPU
		{FC464047-6FA1-4017-8283-DC4750EBA4A6}.Debug|Any CPU.Build.0 = Debug|Any CPU
		{FC464047-6FA1-4017-8283-DC4750EBA4A6}.Release|Any CPU.ActiveCfg = Release|Any CPU
		{FC464047-6FA1-4017-8283-DC4750EBA4A6}.Release|Any CPU.Build.0 = Release|Any CPU
		{0655142B-B823-4A1A-9EA4-037664C0E15D}.Debug|Any CPU.ActiveCfg = Debug|Any CPU
		{0655142B-B823-4A1A-9EA4-037664C0E15D}.Debug|Any CPU.Build.0 = Debug|Any CPU
		{0655142B-B823-4A1A-9EA4-037664C0E15D}.Release|Any CPU.ActiveCfg = Release|Any CPU
		{0655142B-B823-4A1A-9EA4-037664C0E15D}.Release|Any CPU.Build.0 = Release|Any CPU
		{7484FF56-1F56-4D0E-8163-2519E885338F}.Debug|Any CPU.ActiveCfg = Debug|Any CPU
		{7484FF56-1F56-4D0E-8163-2519E885338F}.Debug|Any CPU.Build.0 = Debug|Any CPU
		{7484FF56-1F56-4D0E-8163-2519E885338F}.Release|Any CPU.ActiveCfg = Release|Any CPU
		{7484FF56-1F56-4D0E-8163-2519E885338F}.Release|Any CPU.Build.0 = Release|Any CPU
		{4D2E32DB-8EFA-47E7-8F9F-30A17AF6DC14}.Debug|Any CPU.ActiveCfg = Debug|Any CPU
		{4D2E32DB-8EFA-47E7-8F9F-30A17AF6DC14}.Debug|Any CPU.Build.0 = Debug|Any CPU
		{4D2E32DB-8EFA-47E7-8F9F-30A17AF6DC14}.Release|Any CPU.ActiveCfg = Release|Any CPU
		{4D2E32DB-8EFA-47E7-8F9F-30A17AF6DC14}.Release|Any CPU.Build.0 = Release|Any CPU
		{31F23989-BB87-4CD6-8D1E-35F71D8EC110}.Debug|Any CPU.ActiveCfg = Debug|Any CPU
		{31F23989-BB87-4CD6-8D1E-35F71D8EC110}.Debug|Any CPU.Build.0 = Debug|Any CPU
		{31F23989-BB87-4CD6-8D1E-35F71D8EC110}.Release|Any CPU.ActiveCfg = Release|Any CPU
		{31F23989-BB87-4CD6-8D1E-35F71D8EC110}.Release|Any CPU.Build.0 = Release|Any CPU
		{442FE3AC-D4A9-41F1-A836-088A58C3AEC7}.Debug|Any CPU.ActiveCfg = Debug|Any CPU
		{442FE3AC-D4A9-41F1-A836-088A58C3AEC7}.Debug|Any CPU.Build.0 = Debug|Any CPU
		{442FE3AC-D4A9-41F1-A836-088A58C3AEC7}.Release|Any CPU.ActiveCfg = Release|Any CPU
		{442FE3AC-D4A9-41F1-A836-088A58C3AEC7}.Release|Any CPU.Build.0 = Release|Any CPU
		{79969F52-FF12-4B1D-8213-BE8C62D6B2BE}.Debug|Any CPU.ActiveCfg = Debug|Any CPU
		{79969F52-FF12-4B1D-8213-BE8C62D6B2BE}.Debug|Any CPU.Build.0 = Debug|Any CPU
		{79969F52-FF12-4B1D-8213-BE8C62D6B2BE}.Release|Any CPU.ActiveCfg = Release|Any CPU
		{79969F52-FF12-4B1D-8213-BE8C62D6B2BE}.Release|Any CPU.Build.0 = Release|Any CPU
		{7BFF56BB-91E1-4FF7-9F79-84A4CB182A8C}.Debug|Any CPU.ActiveCfg = Debug|Any CPU
		{7BFF56BB-91E1-4FF7-9F79-84A4CB182A8C}.Debug|Any CPU.Build.0 = Debug|Any CPU
		{7BFF56BB-91E1-4FF7-9F79-84A4CB182A8C}.Release|Any CPU.ActiveCfg = Release|Any CPU
		{7BFF56BB-91E1-4FF7-9F79-84A4CB182A8C}.Release|Any CPU.Build.0 = Release|Any CPU
		{7B0DF74E-A4D9-4B52-9525-33FEED2528AA}.Debug|Any CPU.ActiveCfg = Debug|Any CPU
		{7B0DF74E-A4D9-4B52-9525-33FEED2528AA}.Debug|Any CPU.Build.0 = Debug|Any CPU
		{7B0DF74E-A4D9-4B52-9525-33FEED2528AA}.Release|Any CPU.ActiveCfg = Release|Any CPU
		{7B0DF74E-A4D9-4B52-9525-33FEED2528AA}.Release|Any CPU.Build.0 = Release|Any CPU
		{076670F2-8543-479C-8BFC-020E4F76E308}.Debug|Any CPU.ActiveCfg = Debug|Any CPU
		{076670F2-8543-479C-8BFC-020E4F76E308}.Debug|Any CPU.Build.0 = Debug|Any CPU
		{076670F2-8543-479C-8BFC-020E4F76E308}.Release|Any CPU.ActiveCfg = Release|Any CPU
		{076670F2-8543-479C-8BFC-020E4F76E308}.Release|Any CPU.Build.0 = Release|Any CPU
		{F4559A08-E0F5-4404-83F4-C243A52F8E37}.Debug|Any CPU.ActiveCfg = Debug|Any CPU
		{F4559A08-E0F5-4404-83F4-C243A52F8E37}.Debug|Any CPU.Build.0 = Debug|Any CPU
		{F4559A08-E0F5-4404-83F4-C243A52F8E37}.Release|Any CPU.ActiveCfg = Release|Any CPU
		{F4559A08-E0F5-4404-83F4-C243A52F8E37}.Release|Any CPU.Build.0 = Release|Any CPU
		{E57A9DEB-D459-4483-BE80-B81BD89D103B}.Debug|Any CPU.ActiveCfg = Debug|Any CPU
		{E57A9DEB-D459-4483-BE80-B81BD89D103B}.Debug|Any CPU.Build.0 = Debug|Any CPU
		{E57A9DEB-D459-4483-BE80-B81BD89D103B}.Release|Any CPU.ActiveCfg = Release|Any CPU
		{E57A9DEB-D459-4483-BE80-B81BD89D103B}.Release|Any CPU.Build.0 = Release|Any CPU
		{B2DEC556-7F55-4A4D-B990-97E4563D8C15}.Debug|Any CPU.ActiveCfg = Debug|Any CPU
		{B2DEC556-7F55-4A4D-B990-97E4563D8C15}.Debug|Any CPU.Build.0 = Debug|Any CPU
		{B2DEC556-7F55-4A4D-B990-97E4563D8C15}.Release|Any CPU.ActiveCfg = Release|Any CPU
		{B2DEC556-7F55-4A4D-B990-97E4563D8C15}.Release|Any CPU.Build.0 = Release|Any CPU
		{B7E0D851-030D-4BE7-9A10-C41023C83450}.Debug|Any CPU.ActiveCfg = Debug|Any CPU
		{B7E0D851-030D-4BE7-9A10-C41023C83450}.Debug|Any CPU.Build.0 = Debug|Any CPU
		{B7E0D851-030D-4BE7-9A10-C41023C83450}.Release|Any CPU.ActiveCfg = Release|Any CPU
		{B7E0D851-030D-4BE7-9A10-C41023C83450}.Release|Any CPU.Build.0 = Release|Any CPU
		{C926658F-2E62-49C6-8098-B6A0FA876F0D}.Debug|Any CPU.ActiveCfg = Debug|Any CPU
		{C926658F-2E62-49C6-8098-B6A0FA876F0D}.Debug|Any CPU.Build.0 = Debug|Any CPU
		{C926658F-2E62-49C6-8098-B6A0FA876F0D}.Release|Any CPU.ActiveCfg = Release|Any CPU
		{C926658F-2E62-49C6-8098-B6A0FA876F0D}.Release|Any CPU.Build.0 = Release|Any CPU
		{BC9F7A44-D245-421C-9C89-94EA750E0789}.Debug|Any CPU.ActiveCfg = Debug|Any CPU
		{BC9F7A44-D245-421C-9C89-94EA750E0789}.Debug|Any CPU.Build.0 = Debug|Any CPU
		{BC9F7A44-D245-421C-9C89-94EA750E0789}.Release|Any CPU.ActiveCfg = Release|Any CPU
		{BC9F7A44-D245-421C-9C89-94EA750E0789}.Release|Any CPU.Build.0 = Release|Any CPU
	EndGlobalSection
	GlobalSection(SolutionProperties) = preSolution
		HideSolutionNode = FALSE
	EndGlobalSection
	GlobalSection(NestedProjects) = preSolution
		{AD382A70-E17D-4BE0-8EEF-BE89F5AB21D3} = {CFE9845E-FF2C-487B-A750-1A61828486C9}
		{DE6656A8-F6D7-4493-9409-8E99DAFB7550} = {CFE9845E-FF2C-487B-A750-1A61828486C9}
		{7CE7D3F8-9AC3-40B1-8F1B-9E280ED5163A} = {AD382A70-E17D-4BE0-8EEF-BE89F5AB21D3}
		{54552231-FBCF-4956-A39F-E692FEF2904B} = {DE6656A8-F6D7-4493-9409-8E99DAFB7550}
		{82C9E0FC-7DA0-4542-9FD3-B987F6A19B91} = {AD382A70-E17D-4BE0-8EEF-BE89F5AB21D3}
		{AED74649-ACBC-4F7B-9543-431C68D2B710} = {AD382A70-E17D-4BE0-8EEF-BE89F5AB21D3}
		{24A2EB9D-D4F3-4A87-BBD7-E973903FBB6F} = {DE6656A8-F6D7-4493-9409-8E99DAFB7550}
		{756BD098-AE93-4033-A3BF-016B7BAE1E87} = {DE6656A8-F6D7-4493-9409-8E99DAFB7550}
		{2AA6F97B-3854-4171-83F3-FE147897C7FE} = {AD382A70-E17D-4BE0-8EEF-BE89F5AB21D3}
		{0394A9EE-7FBC-48DD-B6CD-0B42FB741056} = {DE6656A8-F6D7-4493-9409-8E99DAFB7550}
		{900D444F-9C81-49E5-9494-DC9D05DE6A44} = {AD382A70-E17D-4BE0-8EEF-BE89F5AB21D3}
		{2D171E53-CEF5-417A-B0C7-8882B757C9C5} = {DE6656A8-F6D7-4493-9409-8E99DAFB7550}
		{00ED37E5-3E06-4FB7-BC5F-CFE5F61A08F5} = {AD382A70-E17D-4BE0-8EEF-BE89F5AB21D3}
		{AE2924A6-D946-4A39-B199-227EC0CE3CD8} = {DE6656A8-F6D7-4493-9409-8E99DAFB7550}
		{8276AF64-2528-42F9-9FB8-2F0FF886AED5} = {AD382A70-E17D-4BE0-8EEF-BE89F5AB21D3}
		{1551792F-61E8-48B6-B8B1-8B8A6275F943} = {DE6656A8-F6D7-4493-9409-8E99DAFB7550}
		{B411692B-35A1-48CB-A5EF-97CE20732C6C} = {AD382A70-E17D-4BE0-8EEF-BE89F5AB21D3}
		{C331D68E-964B-4502-822F-9C4B40BEF912} = {DE6656A8-F6D7-4493-9409-8E99DAFB7550}
		{5E9A26F6-41C7-4632-ADFB-F56D66A8B739} = {AD382A70-E17D-4BE0-8EEF-BE89F5AB21D3}
		{9A2CB047-FAD0-449E-B212-B5766C213A30} = {DE6656A8-F6D7-4493-9409-8E99DAFB7550}
		{8ED3ADF2-64FA-4941-BD6A-6671064CE0EF} = {AD382A70-E17D-4BE0-8EEF-BE89F5AB21D3}
		{5343E45D-2829-4FD9-AE46-7176156A83E6} = {AD382A70-E17D-4BE0-8EEF-BE89F5AB21D3}
		{004A01F9-53B3-4771-9A58-637936F2577D} = {DE6656A8-F6D7-4493-9409-8E99DAFB7550}
		{D89D2FF8-3B77-462C-8BE4-79615D5E4274} = {DE6656A8-F6D7-4493-9409-8E99DAFB7550}
		{4B3AD7F7-8179-4EF2-A136-215179D8A26D} = {AD382A70-E17D-4BE0-8EEF-BE89F5AB21D3}
		{CEC7BD3B-0E5E-4E74-9414-5ACE73DFCA18} = {DE6656A8-F6D7-4493-9409-8E99DAFB7550}
		{0F4F45A4-BD1C-4B17-846D-D689AC447B80} = {AD382A70-E17D-4BE0-8EEF-BE89F5AB21D3}
		{15158BB6-EDCA-419B-B10E-04FB77D6924B} = {DE6656A8-F6D7-4493-9409-8E99DAFB7550}
		{A08458DE-8008-4DC7-9CF8-563A7291070E} = {AD382A70-E17D-4BE0-8EEF-BE89F5AB21D3}
		{3F5C497D-F939-4C25-BDB3-3C01427A7D2E} = {DE6656A8-F6D7-4493-9409-8E99DAFB7550}
		{A2E35701-7FC9-488E-BF2E-8491ED6CEE85} = {AD382A70-E17D-4BE0-8EEF-BE89F5AB21D3}
		{46C07D27-30DA-48EC-9636-983F59C99639} = {DE6656A8-F6D7-4493-9409-8E99DAFB7550}
		{80A52EEF-F157-45BD-AEB9-EF743F0A281D} = {AD382A70-E17D-4BE0-8EEF-BE89F5AB21D3}
		{4FE5C534-2271-4369-96CE-85E68A013E76} = {DE6656A8-F6D7-4493-9409-8E99DAFB7550}
		{FC464047-6FA1-4017-8283-DC4750EBA4A6} = {DE6656A8-F6D7-4493-9409-8E99DAFB7550}
		{0655142B-B823-4A1A-9EA4-037664C0E15D} = {AD382A70-E17D-4BE0-8EEF-BE89F5AB21D3}
		{7484FF56-1F56-4D0E-8163-2519E885338F} = {DE6656A8-F6D7-4493-9409-8E99DAFB7550}
		{4D2E32DB-8EFA-47E7-8F9F-30A17AF6DC14} = {AD382A70-E17D-4BE0-8EEF-BE89F5AB21D3}
		{31F23989-BB87-4CD6-8D1E-35F71D8EC110} = {AD382A70-E17D-4BE0-8EEF-BE89F5AB21D3}
		{442FE3AC-D4A9-41F1-A836-088A58C3AEC7} = {DE6656A8-F6D7-4493-9409-8E99DAFB7550}
		{79969F52-FF12-4B1D-8213-BE8C62D6B2BE} = {AD382A70-E17D-4BE0-8EEF-BE89F5AB21D3}
		{7BFF56BB-91E1-4FF7-9F79-84A4CB182A8C} = {DE6656A8-F6D7-4493-9409-8E99DAFB7550}
		{7B0DF74E-A4D9-4B52-9525-33FEED2528AA} = {AD382A70-E17D-4BE0-8EEF-BE89F5AB21D3}
		{076670F2-8543-479C-8BFC-020E4F76E308} = {DE6656A8-F6D7-4493-9409-8E99DAFB7550}
		{F4559A08-E0F5-4404-83F4-C243A52F8E37} = {AD382A70-E17D-4BE0-8EEF-BE89F5AB21D3}
		{E57A9DEB-D459-4483-BE80-B81BD89D103B} = {DE6656A8-F6D7-4493-9409-8E99DAFB7550}
		{B2DEC556-7F55-4A4D-B990-97E4563D8C15} = {AD382A70-E17D-4BE0-8EEF-BE89F5AB21D3}
		{B7E0D851-030D-4BE7-9A10-C41023C83450} = {DE6656A8-F6D7-4493-9409-8E99DAFB7550}
		{C926658F-2E62-49C6-8098-B6A0FA876F0D} = {AD382A70-E17D-4BE0-8EEF-BE89F5AB21D3}
		{BC9F7A44-D245-421C-9C89-94EA750E0789} = {DE6656A8-F6D7-4493-9409-8E99DAFB7550}
	EndGlobalSection
	GlobalSection(ExtensibilityGlobals) = postSolution
		SolutionGuid = {32768103-4A05-4B00-98B6-A6F8FF37FA0E}
	EndGlobalSection
EndGlobal
